github.com/a-h/templ v0.3.857 h1:6EqcJuGZW4OL+2iZ3MD+NnIcG7nGkaQeF2Zq5kf9ZGg=
github.com/a-h/templ v0.3.857/go.mod h1:qhrhAkRFubE7khxLZHsBFHfX+gWwVNKbzKeF9GlPV4M=
github.com/alexedwards/scs/v2 v2.8.0 h1:h31yUYoycPuL0zt14c0gd+oqxfRwIj6SOjHdKRZxhEw=
github.com/alexedwards/scs/v2 v2.8.0/go.mod h1:ToaROZxyKukJKT/xLcVQAChi5k6+Pn1Gvmdl7h3RRj8=
github.com/google/go-cmp v0.6.0 h1:ofyhxvXcZhMsU5ulbFiLKl/XBFqE1GSq7atu8tAmTRI=
github.com/google/go-cmp v0.6.0/go.mod h1:17dUlkBOakJ0+DkrSSNjCkIjxS6bF9zb3elmeNGIjoY=
github.com/google/uuid v1.6.0 h1:NIvaJDMOsjHA8n1jAhLSgzrAzy1Hgr+hNrb57e+94F0=
github.com/google/uuid v1.6.0/go.mod h1:TIyPZe4MgqvfeYDBFedMoGGpEw/LqOeaOT+nhxU+yHo=
github.com/rickb777/path v1.3.1 h1:U+Ot5Uh6A+1Xf+i7Do5+xbbdIanI3n4HG1uecsYx4RU=
github.com/rickb777/path v1.3.1/go.mod h1:cxsBIOXR+rZ9vgQQQh/j3vYuNLG/G9gMZIUeNDAM5+k=
github.com/rickb777/servefiles/v3 v3.9.2 h1:QtSdjOMEN19w6sRLyYUe2wVzD6LJvCaZv7GHP+qwe9M=
github.com/rickb777/servefiles/v3 v3.9.2/go.mod h1:vdC+Xa/wkDReq3roi9X6PmwQebnvZaYxuEn39WzaJ88=
github.com/spf13/afero v1.14.0 h1:9tH6MapGnn/j0eb0yIXiLjERO8RB6xIVZRDCX7PtqWA=
github.com/spf13/afero v1.14.0/go.mod h1:acJQ8t0ohCGuMN3O+Pv0V0hgMxNYDlvdk+VTfyZmbYo=
golang.org/x/text v0.24.0 h1:dd5Bzh4yt5KYA8f9CJHCP4FB4D51c2c6JvN37xJJkJ0=
golang.org/x/text v0.24.0/go.mod h1:L8rBsPeo2pSS+xqN0d5u2ikmjtmoJbDBT1b7nHvFCdU=
